<?xml version="1.0" encoding="utf-8"?>
<Project ToolsVersion="4.0" xmlns="http://schemas.microsoft.com/developer/msbuild/2003">
  <ItemGroup>
    <Filter Include="소스 파일">
      <UniqueIdentifier>{4FC737F1-C7A5-4376-A066-2A32D752A2FF}</UniqueIdentifier>
      <Extensions>cpp;c;cc;cxx;c++;cppm;ixx;def;odl;idl;hpj;bat;asm;asmx</Extensions>
    </Filter>
    <Filter Include="헤더 파일">
      <UniqueIdentifier>{93995380-89BD-4b04-88EB-625FBE52EBFB}</UniqueIdentifier>
      <Extensions>h;hh;hpp;hxx;h++;hm;inl;inc;ipp;xsd</Extensions>
    </Filter>
    <Filter Include="리소스 파일">
      <UniqueIdentifier>{67DA6AB6-F800-4c08-8B7A-83BB121AAD01}</UniqueIdentifier>
      <Extensions>rc;ico;cur;bmp;dlg;rc2;rct;bin;rgs;gif;jpg;jpeg;jpe;resx;tiff;tif;png;wav;mfcribbon-ms</Extensions>
    </Filter>
    <Filter Include="소스 파일\0726Day01">
      <UniqueIdentifier>{ba277028-cf6e-478b-a171-0ff9d0dc23f0}</UniqueIdentifier>
    </Filter>
    <Filter Include="소스 파일\0727Day02">
      <UniqueIdentifier>{e4356b26-dc0e-449d-b7a0-f2bf1d50ad29}</UniqueIdentifier>
    </Filter>
    <Filter Include="소스 파일\0804">
      <UniqueIdentifier>{58660361-b1a8-4299-aaa4-507737dad831}</UniqueIdentifier>
    </Filter>
    <Filter Include="소스 파일\0807">
      <UniqueIdentifier>{7eac3230-9e8f-4280-8411-a56d2035a020}</UniqueIdentifier>
    </Filter>
  </ItemGroup>
  <ItemGroup>
    <ClCompile Include="countingstar.cpp">
      <Filter>소스 파일\0807</Filter>
    </ClCompile>
  </ItemGroup>
</Project>